
Microsoft Visual Studio Solution File, Format Version 12.00
# Visual Studio Version 17
VisualStudioVersion = 17.0.32112.339
MinimumVisualStudioVersion = 10.0.40219.1
Project("{9A19103F-16F7-4668-BE54-9A1E7A4F7556}") = "VirtualDiary", "VirtualDiary\VirtualDiary.csproj", "{54708299-00E6-4212-91F9-F7C6E8C17A3E}"
EndProject
Project("{FAE04EC0-301F-11D3-BF4B-00C04F79EFBC}") = "VirtualDiary.Core", "VirtualDiary.Core\VirtualDiary.Core.csproj", "{97DDF1D5-9F37-494B-8D65-560A0A46F66F}"
EndProject
Project("{FAE04EC0-301F-11D3-BF4B-00C04F79EFBC}") = "VirtualDiary.Infrastructure", "VirtualDiary.Infrastructure\VirtualDiary.Infrastructure.csproj", "{A4B4B827-13FC-4A3B-9797-E73D6292E24C}"
EndProject
Global
	GlobalSection(SolutionConfigurationPlatforms) = preSolution
		Debug|Any CPU = Debug|Any CPU
		Release|Any CPU = Release|Any CPU
	EndGlobalSection
	GlobalSection(ProjectConfigurationPlatforms) = postSolution
		{54708299-00E6-4212-91F9-F7C6E8C17A3E}.Debug|Any CPU.ActiveCfg = Debug|Any CPU
		{54708299-00E6-4212-91F9-F7C6E8C17A3E}.Debug|Any CPU.Build.0 = Debug|Any CPU
		{54708299-00E6-4212-91F9-F7C6E8C17A3E}.Release|Any CPU.ActiveCfg = Release|Any CPU
		{54708299-00E6-4212-91F9-F7C6E8C17A3E}.Release|Any CPU.Build.0 = Release|Any CPU
		{97DDF1D5-9F37-494B-8D65-560A0A46F66F}.Debug|Any CPU.ActiveCfg = Debug|Any CPU
		{97DDF1D5-9F37-494B-8D65-560A0A46F66F}.Debug|Any CPU.Build.0 = Debug|Any CPU
		{97DDF1D5-9F37-494B-8D65-560A0A46F66F}.Release|Any CPU.ActiveCfg = Release|Any CPU
		{97DDF1D5-9F37-494B-8D65-560A0A46F66F}.Release|Any CPU.Build.0 = Release|Any CPU
		{A4B4B827-13FC-4A3B-9797-E73D6292E24C}.Debug|Any CPU.ActiveCfg = Debug|Any CPU
		{A4B4B827-13FC-4A3B-9797-E73D6292E24C}.Debug|Any CPU.Build.0 = Debug|Any CPU
		{A4B4B827-13FC-4A3B-9797-E73D6292E24C}.Release|Any CPU.ActiveCfg = Release|Any CPU
		{A4B4B827-13FC-4A3B-9797-E73D6292E24C}.Release|Any CPU.Build.0 = Release|Any CPU
	EndGlobalSection
	GlobalSection(SolutionProperties) = preSolution
		HideSolutionNode = FALSE
	EndGlobalSection
	GlobalSection(ExtensibilityGlobals) = postSolution
		SolutionGuid = {7882F1B3-4083-48CF-B88C-B24FDB6550E6}
	EndGlobalSection
EndGlobal
